
Microsoft Visual Studio Solution File, Format Version 12.00
# Visual Studio Version 16
VisualStudioVersion = 16.0.30907.101
MinimumVisualStudioVersion = 10.0.40219.1
Project("{FAE04EC0-301F-11D3-BF4B-00C04F79EFBC}") = "SalaryCalculation_ISP", "SalaryCalculation_ISP.csproj", "{AF059044-5BE5-4123-9F14-8956E5EBF675}"
EndProject
Global
	GlobalSection(SolutionConfigurationPlatforms) = preSolution
		Debug|Any CPU = Debug|Any CPU
		Release|Any CPU = Release|Any CPU
	EndGlobalSection
	GlobalSection(ProjectConfigurationPlatforms) = postSolution
		{AF059044-5BE5-4123-9F14-8956E5EBF675}.Debug|Any CPU.ActiveCfg = Debug|Any CPU
		{AF059044-5BE5-4123-9F14-8956E5EBF675}.Debug|Any CPU.Build.0 = Debug|Any CPU
		{AF059044-5BE5-4123-9F14-8956E5EBF675}.Release|Any CPU.ActiveCfg = Release|Any CPU
		{AF059044-5BE5-4123-9F14-8956E5EBF675}.Release|Any CPU.Build.0 = Release|Any CPU
	EndGlobalSection
	GlobalSection(SolutionProperties) = preSolution
		HideSolutionNode = FALSE
	EndGlobalSection
	GlobalSection(ExtensibilityGlobals) = postSolution
		SolutionGuid = {7CE17714-05C3-4B54-8E06-4D479444020C}
	EndGlobalSection
EndGlobal
